Microsoft Visual Studio Solution File, Format Version 12.00
# Visual Studio Version 17
VisualStudioVersion = 17.12.35527.113
MinimumVisualStudioVersion = 10.0.40219.1
Project("{FAE04EC0-301F-11D3-BF4B-00C04F79EFBC}") = "FusionBlazorExample", "FusionBlazorExample\FusionBlazorExample.csproj", "{4965E848-0374-4157-B948-E467DDA55FE0}"
EndProject
Project("{FAE04EC0-301F-11D3-BF4B-00C04F79EFBC}") = "FusionBlazorExample.Shared", "FusionBlazorExample.Shared\FusionBlazorExample.Shared.csproj", "{1664C4B4-73BF-4765-92BC-6BA78812B87C}"
EndProject
Project("{FAE04EC0-301F-11D3-BF4B-00C04F79EFBC}") = "FusionBlazorExample.Web", "FusionBlazorExample.Web\FusionBlazorExample.Web.csproj", "{0ED240CA-CFC8-4EC2-B068-A660EB028D26}"
EndProject
Project("{FAE04EC0-301F-11D3-BF4B-00C04F79EFBC}") = "FusionBlazorExample.Web.Client", "FusionBlazorExample.Web.Client\FusionBlazorExample.Web.Client.csproj", "{4A245404-A93D-485D-BC8E-EDD16681E3E6}"
EndProject
Project("{2150E333-8FDC-42A3-9474-1A3956D46DE8}") = "Solution Items", "Solution Items", "{0BC38677-1B28-45E4-ADAE-82254752A2C2}"
	ProjectSection(SolutionItems) = preProject
		Directory.Packages.props = Directory.Packages.props
	EndProjectSection
EndProject
Global
	GlobalSection(SolutionConfigurationPlatforms) = preSolution
		Debug|Any CPU = Debug|Any CPU
		Release|Any CPU = Release|Any CPU
	EndGlobalSection
	GlobalSection(ProjectConfigurationPlatforms) = postSolution
		{4965E848-0374-4157-B948-E467DDA55FE0}.Debug|Any CPU.ActiveCfg = Debug|Any CPU
		{4965E848-0374-4157-B948-E467DDA55FE0}.Debug|Any CPU.Build.0 = Debug|Any CPU
		{4965E848-0374-4157-B948-E467DDA55FE0}.Release|Any CPU.ActiveCfg = Release|Any CPU
		{4965E848-0374-4157-B948-E467DDA55FE0}.Release|Any CPU.Build.0 = Release|Any CPU
		{1664C4B4-73BF-4765-92BC-6BA78812B87C}.Debug|Any CPU.ActiveCfg = Debug|Any CPU
		{1664C4B4-73BF-4765-92BC-6BA78812B87C}.Debug|Any CPU.Build.0 = Debug|Any CPU
		{1664C4B4-73BF-4765-92BC-6BA78812B87C}.Release|Any CPU.ActiveCfg = Release|Any CPU
		{1664C4B4-73BF-4765-92BC-6BA78812B87C}.Release|Any CPU.Build.0 = Release|Any CPU
		{0ED240CA-CFC8-4EC2-B068-A660EB028D26}.Debug|Any CPU.ActiveCfg = Debug|Any CPU
		{0ED240CA-CFC8-4EC2-B068-A660EB028D26}.Debug|Any CPU.Build.0 = Debug|Any CPU
		{0ED240CA-CFC8-4EC2-B068-A660EB028D26}.Release|Any CPU.ActiveCfg = Release|Any CPU
		{0ED240CA-CFC8-4EC2-B068-A660EB028D26}.Release|Any CPU.Build.0 = Release|Any CPU
		{4A245404-A93D-485D-BC8E-EDD16681E3E6}.Debug|Any CPU.ActiveCfg = Debug|Any CPU
		{4A245404-A93D-485D-BC8E-EDD16681E3E6}.Debug|Any CPU.Build.0 = Debug|Any CPU
		{4A245404-A93D-485D-BC8E-EDD16681E3E6}.Release|Any CPU.ActiveCfg = Release|Any CPU
		{4A245404-A93D-485D-BC8E-EDD16681E3E6}.Release|Any CPU.Build.0 = Release|Any CPU
	EndGlobalSection
	GlobalSection(SolutionProperties) = preSolution
		HideSolutionNode = FALSE
	EndGlobalSection
EndGlobal
